// !$*UTF8*$!
{
	archiveVersion = 1;
	classes = {
	};
	objectVersion = 51;
	objects = {

/* Begin PBXBuildFile section */
		2F29F2D124A5FC45007DE5A3 /* fa-solid-900.ttf in Resources */ = {isa = PBXBuildFile; fileRef = 2F29F2D024A5FC1C007DE5A3 /* fa-solid-900.ttf */; };
		2F5EACF124A3898800C32599 /* K.swift in Sources */ = {isa = PBXBuildFile; fileRef = 2F5EACF024A3898800C32599 /* K.swift */; };
		2F5EACF524A39CC900C32599 /* LoadingOverlay.swift in Sources */ = {isa = PBXBuildFile; fileRef = 2F5EACF424A39CC900C32599 /* LoadingOverlay.swift */; };
		2F94244D24A0F7F900FFD000 /* AppDelegate.swift in Sources */ = {isa = PBXBuildFile; fileRef = 2F94244C24A0F7F900FFD000 /* AppDelegate.swift */; };
		2F94244F24A0F7F900FFD000 /* SceneDelegate.swift in Sources */ = {isa = PBXBuildFile; fileRef = 2F94244E24A0F7F900FFD000 /* SceneDelegate.swift */; };
		2F94245124A0F7F900FFD000 /* LoginViewController.swift in Sources */ = {isa = PBXBuildFile; fileRef = 2F94245024A0F7F900FFD000 /* LoginViewController.swift */; };
		2F94245424A0F7F900FFD000 /* Main.storyboard in Resources */ = {isa = PBXBuildFile; fileRef = 2F94245224A0F7F900FFD000 /* Main.storyboard */; };
		2F94245624A0F7FD00FFD000 /* Assets.xcassets in Resources */ = {isa = PBXBuildFile; fileRef = 2F94245524A0F7FD00FFD000 /* Assets.xcassets */; };
		2F94245924A0F7FD00FFD000 /* LaunchScreen.storyboard in Resources */ = {isa = PBXBuildFile; fileRef = 2F94245724A0F7FD00FFD000 /* LaunchScreen.storyboard */; };
		2F94246424A1005B00FFD000 /* CalendarViewController.swift in Sources */ = {isa = PBXBuildFile; fileRef = 2F94246324A1005B00FFD000 /* CalendarViewController.swift */; };
		2F94246624A1011200FFD000 /* DateExtensions.swift in Sources */ = {isa = PBXBuildFile; fileRef = 2F94246524A1011200FFD000 /* DateExtensions.swift */; };
		2F94246824A1015A00FFD000 /* CustomCalendar.swift in Sources */ = {isa = PBXBuildFile; fileRef = 2F94246724A1015A00FFD000 /* CustomCalendar.swift */; };
		2F94246B24A1021F00FFD000 /* Networking.swift in Sources */ = {isa = PBXBuildFile; fileRef = 2F94246A24A1021F00FFD000 /* Networking.swift */; };
		2F9466D024AF445400E9EF99 /* CustomButton.swift in Sources */ = {isa = PBXBuildFile; fileRef = 2F9466CF24AF445400E9EF99 /* CustomButton.swift */; };
		2F9678AF24ACC47E00BC1100 /* EventDetailsViewController.swift in Sources */ = {isa = PBXBuildFile; fileRef = 2F9678AE24ACC47E00BC1100 /* EventDetailsViewController.swift */; };
		2F9678B324AE114E00BC1100 /* FullBooking.swift in Sources */ = {isa = PBXBuildFile; fileRef = 2F9678B224AE114E00BC1100 /* FullBooking.swift */; };
		2FD9366124A1077300BBA347 /* DateCollectionViewCell.swift in Sources */ = {isa = PBXBuildFile; fileRef = 2FD9365F24A1077300BBA347 /* DateCollectionViewCell.swift */; };
		2FD9366224A1077300BBA347 /* DateCollectionViewCell.xib in Resources */ = {isa = PBXBuildFile; fileRef = 2FD9366024A1077300BBA347 /* DateCollectionViewCell.xib */; };
		2FD9366424A24CFC00BBA347 /* Booking.swift in Sources */ = {isa = PBXBuildFile; fileRef = 2FD9366324A24CFC00BBA347 /* Booking.swift */; };
		2FD9366624A24D0900BBA347 /* Gig.swift in Sources */ = {isa = PBXBuildFile; fileRef = 2FD9366524A24D0900BBA347 /* Gig.swift */; };
		2FD9366824A24DBF00BBA347 /* Address.swift in Sources */ = {isa = PBXBuildFile; fileRef = 2FD9366724A24DBF00BBA347 /* Address.swift */; };
		2FD9366A24A24FE700BBA347 /* Venue.swift in Sources */ = {isa = PBXBuildFile; fileRef = 2FD9366924A24FE700BBA347 /* Venue.swift */; };
		2FD9366C24A250AE00BBA347 /* Contact.swift in Sources */ = {isa = PBXBuildFile; fileRef = 2FD9366B24A250AE00BBA347 /* Contact.swift */; };
		2FD9366E24A377DB00BBA347 /* CustomColours.swift in Sources */ = {isa = PBXBuildFile; fileRef = 2FD9366D24A377DB00BBA347 /* CustomColours.swift */; };
		76A6DADF77E4AEE58DB4D866 /* Pods_OneManBand.framework in Frameworks */ = {isa = PBXBuildFile; fileRef = 714DE02A80886C3C356AA4F2 /* Pods_OneManBand.framework */; };
/* End PBXBuildFile section */

/* Begin PBXFileReference section */
		2F29F2D024A5FC1C007DE5A3 /* fa-solid-900.ttf */ = {isa = PBXFileReference; lastKnownFileType = file; path = "fa-solid-900.ttf"; sourceTree = "<group>"; };
		2F5EACF024A3898800C32599 /* K.swift */ = {isa = PBXFileReference; lastKnownFileType = sourcecode.swift; path = K.swift; sourceTree = "<group>"; };
		2F5EACF424A39CC900C32599 /* LoadingOverlay.swift */ = {isa = PBXFileReference; lastKnownFileType = sourcecode.swift; path = LoadingOverlay.swift; sourceTree = "<group>"; };
		2F94244924A0F7F900FFD000 /* OneManBand.app */ = {isa = PBXFileReference; explicitFileType = wrapper.application; includeInIndex = 0; path = OneManBand.app; sourceTree = BUILT_PRODUCTS_DIR; };
		2F94244C24A0F7F900FFD000 /* AppDelegate.swift */ = {isa = PBXFileReference; lastKnownFileType = sourcecode.swift; path = AppDelegate.swift; sourceTree = "<group>"; };
		2F94244E24A0F7F900FFD000 /* SceneDelegate.swift */ = {isa = PBXFileReference; lastKnownFileType = sourcecode.swift; path = SceneDelegate.swift; sourceTree = "<group>"; };
		2F94245024A0F7F900FFD000 /* LoginViewController.swift */ = {isa = PBXFileReference; lastKnownFileType = sourcecode.swift; path = LoginViewController.swift; sourceTree = "<group>"; };
		2F94245324A0F7F900FFD000 /* Base */ = {isa = PBXFileReference; lastKnownFileType = file.storyboard; name = Base; path = Base.lproj/Main.storyboard; sourceTree = "<group>"; };
		2F94245524A0F7FD00FFD000 /* Assets.xcassets */ = {isa = PBXFileReference; lastKnownFileType = folder.assetcatalog; path = Assets.xcassets; sourceTree = "<group>"; };
		2F94245824A0F7FD00FFD000 /* Base */ = {isa = PBXFileReference; lastKnownFileType = file.storyboard; name = Base; path = Base.lproj/LaunchScreen.storyboard; sourceTree = "<group>"; };
		2F94245A24A0F7FD00FFD000 /* Info.plist */ = {isa = PBXFileReference; lastKnownFileType = text.plist.xml; path = Info.plist; sourceTree = "<group>"; };
		2F94246324A1005B00FFD000 /* CalendarViewController.swift */ = {isa = PBXFileReference; lastKnownFileType = sourcecode.swift; path = CalendarViewController.swift; sourceTree = "<group>"; };
		2F94246524A1011200FFD000 /* DateExtensions.swift */ = {isa = PBXFileReference; lastKnownFileType = sourcecode.swift; path = DateExtensions.swift; sourceTree = "<group>"; };
		2F94246724A1015A00FFD000 /* CustomCalendar.swift */ = {isa = PBXFileReference; lastKnownFileType = sourcecode.swift; path = CustomCalendar.swift; sourceTree = "<group>"; };
		2F94246A24A1021F00FFD000 /* Networking.swift */ = {isa = PBXFileReference; lastKnownFileType = sourcecode.swift; path = Networking.swift; sourceTree = "<group>"; };
		2F9466CF24AF445400E9EF99 /* CustomButton.swift */ = {isa = PBXFileReference; lastKnownFileType = sourcecode.swift; path = CustomButton.swift; sourceTree = "<group>"; };
		2F9678AE24ACC47E00BC1100 /* EventDetailsViewController.swift */ = {isa = PBXFileReference; lastKnownFileType = sourcecode.swift; path = EventDetailsViewController.swift; sourceTree = "<group>"; };
		2F9678B224AE114E00BC1100 /* FullBooking.swift */ = {isa = PBXFileReference; lastKnownFileType = sourcecode.swift; path = FullBooking.swift; sourceTree = "<group>"; };
		2FD9365F24A1077300BBA347 /* DateCollectionViewCell.swift */ = {isa = PBXFileReference; lastKnownFileType = sourcecode.swift; path = DateCollectionViewCell.swift; sourceTree = "<group>"; };
		2FD9366024A1077300BBA347 /* DateCollectionViewCell.xib */ = {isa = PBXFileReference; lastKnownFileType = file.xib; path = DateCollectionViewCell.xib; sourceTree = "<group>"; };
		2FD9366324A24CFC00BBA347 /* Booking.swift */ = {isa = PBXFileReference; lastKnownFileType = sourcecode.swift; path = Booking.swift; sourceTree = "<group>"; };
		2FD9366524A24D0900BBA347 /* Gig.swift */ = {isa = PBXFileReference; lastKnownFileType = sourcecode.swift; path = Gig.swift; sourceTree = "<group>"; };
		2FD9366724A24DBF00BBA347 /* Address.swift */ = {isa = PBXFileReference; lastKnownFileType = sourcecode.swift; path = Address.swift; sourceTree = "<group>"; };
		2FD9366924A24FE700BBA347 /* Venue.swift */ = {isa = PBXFileReference; lastKnownFileType = sourcecode.swift; path = Venue.swift; sourceTree = "<group>"; };
		2FD9366B24A250AE00BBA347 /* Contact.swift */ = {isa = PBXFileReference; lastKnownFileType = sourcecode.swift; path = Contact.swift; sourceTree = "<group>"; };
		2FD9366D24A377DB00BBA347 /* CustomColours.swift */ = {isa = PBXFileReference; lastKnownFileType = sourcecode.swift; path = CustomColours.swift; sourceTree = "<group>"; };
		714DE02A80886C3C356AA4F2 /* Pods_OneManBand.framework */ = {isa = PBXFileReference; explicitFileType = wrapper.framework; includeInIndex = 0; path = Pods_OneManBand.framework; sourceTree = BUILT_PRODUCTS_DIR; };
		D6BF125DAA49BDC4E447192A /* Pods-OneManBand.release.xcconfig */ = {isa = PBXFileReference; includeInIndex = 1; lastKnownFileType = text.xcconfig; name = "Pods-OneManBand.release.xcconfig"; path = "Target Support Files/Pods-OneManBand/Pods-OneManBand.release.xcconfig"; sourceTree = "<group>"; };
		EE7B3C231B205BD423603D72 /* Pods-OneManBand.debug.xcconfig */ = {isa = PBXFileReference; includeInIndex = 1; lastKnownFileType = text.xcconfig; name = "Pods-OneManBand.debug.xcconfig"; path = "Target Support Files/Pods-OneManBand/Pods-OneManBand.debug.xcconfig"; sourceTree = "<group>"; };
/* End PBXFileReference section */

/* Begin PBXFrameworksBuildPhase section */
		2F94244624A0F7F900FFD000 /* Frameworks */ = {
			isa = PBXFrameworksBuildPhase;
			buildActionMask = 2147483647;
			files = (
				76A6DADF77E4AEE58DB4D866 /* Pods_OneManBand.framework in Frameworks */,
			);
			runOnlyForDeploymentPostprocessing = 0;
		};
/* End PBXFrameworksBuildPhase section */

/* Begin PBXGroup section */
		2F29F2CF24A5FB92007DE5A3 /* Supporting Files */ = {
			isa = PBXGroup;
			children = (
				2F29F2D024A5FC1C007DE5A3 /* fa-solid-900.ttf */,
			);
			path = "Supporting Files";
			sourceTree = "<group>";
		};
		2F8039A595F8CA7700F90761 /* Frameworks */ = {
			isa = PBXGroup;
			children = (
				714DE02A80886C3C356AA4F2 /* Pods_OneManBand.framework */,
			);
			name = Frameworks;
			sourceTree = "<group>";
		};
		2F94244024A0F7F900FFD000 = {
			isa = PBXGroup;
			children = (
				2F94244B24A0F7F900FFD000 /* OneManBand */,
				2F29F2CF24A5FB92007DE5A3 /* Supporting Files */,
				2F94244A24A0F7F900FFD000 /* Products */,
				A156AFE1BEA269F28A6BFF39 /* Pods */,
				2F8039A595F8CA7700F90761 /* Frameworks */,
			);
			sourceTree = "<group>";
		};
		2F94244A24A0F7F900FFD000 /* Products */ = {
			isa = PBXGroup;
			children = (
				2F94244924A0F7F900FFD000 /* OneManBand.app */,
			);
			name = Products;
			sourceTree = "<group>";
		};
		2F94244B24A0F7F900FFD000 /* OneManBand */ = {
			isa = PBXGroup;
			children = (
				2F94246124A0FAB800FFD000 /* Model */,
				2F94246024A0FA9F00FFD000 /* View */,
				2F94246224A0FAC200FFD000 /* Controller */,
				2F94245524A0F7FD00FFD000 /* Assets.xcassets */,
				2F94245724A0F7FD00FFD000 /* LaunchScreen.storyboard */,
				2F94245A24A0F7FD00FFD000 /* Info.plist */,
			);
			path = OneManBand;
			sourceTree = "<group>";
		};
		2F94246024A0FA9F00FFD000 /* View */ = {
			isa = PBXGroup;
			children = (
				2F94245224A0F7F900FFD000 /* Main.storyboard */,
				2FD9366D24A377DB00BBA347 /* CustomColours.swift */,
				2F5EACF424A39CC900C32599 /* LoadingOverlay.swift */,
				2F9466CF24AF445400E9EF99 /* CustomButton.swift */,
				2F94246924A101B600FFD000 /* Custom Cells */,
			);
			path = View;
			sourceTree = "<group>";
		};
		2F94246124A0FAB800FFD000 /* Model */ = {
			isa = PBXGroup;
			children = (
				2F5EACF024A3898800C32599 /* K.swift */,
				2F94246524A1011200FFD000 /* DateExtensions.swift */,
				2F94246724A1015A00FFD000 /* CustomCalendar.swift */,
				2F94246A24A1021F00FFD000 /* Networking.swift */,
				2FD9366324A24CFC00BBA347 /* Booking.swift */,
				2FD9366524A24D0900BBA347 /* Gig.swift */,
				2FD9366924A24FE700BBA347 /* Venue.swift */,
				2FD9366B24A250AE00BBA347 /* Contact.swift */,
				2FD9366724A24DBF00BBA347 /* Address.swift */,
				2F9678B224AE114E00BC1100 /* FullBooking.swift */,
			);
			path = Model;
			sourceTree = "<group>";
		};
		2F94246224A0FAC200FFD000 /* Controller */ = {
			isa = PBXGroup;
			children = (
				2F94244C24A0F7F900FFD000 /* AppDelegate.swift */,
				2F94244E24A0F7F900FFD000 /* SceneDelegate.swift */,
				2F94245024A0F7F900FFD000 /* LoginViewController.swift */,
				2F94246324A1005B00FFD000 /* CalendarViewController.swift */,
				2F9678AE24ACC47E00BC1100 /* EventDetailsViewController.swift */,
			);
			path = Controller;
			sourceTree = "<group>";
		};
		2F94246924A101B600FFD000 /* Custom Cells */ = {
			isa = PBXGroup;
			children = (
				2FD9365F24A1077300BBA347 /* DateCollectionViewCell.swift */,
				2FD9366024A1077300BBA347 /* DateCollectionViewCell.xib */,
			);
			path = "Custom Cells";
			sourceTree = "<group>";
		};
		A156AFE1BEA269F28A6BFF39 /* Pods */ = {
			isa = PBXGroup;
			children = (
				EE7B3C231B205BD423603D72 /* Pods-OneManBand.debug.xcconfig */,
				D6BF125DAA49BDC4E447192A /* Pods-OneManBand.release.xcconfig */,
			);
			path = Pods;
			sourceTree = "<group>";
		};
/* End PBXGroup section */

/* Begin PBXNativeTarget section */
		2F94244824A0F7F900FFD000 /* OneManBand */ = {
			isa = PBXNativeTarget;
			buildConfigurationList = 2F94245D24A0F7FD00FFD000 /* Build configuration list for PBXNativeTarget "OneManBand" */;
			buildPhases = (
				E3A4127336AED7762C133EA7 /* [CP] Check Pods Manifest.lock */,
				2F94244524A0F7F900FFD000 /* Sources */,
				2F94244624A0F7F900FFD000 /* Frameworks */,
				2F94244724A0F7F900FFD000 /* Resources */,
				BEA45B8320EA0401A183ED8E /* [CP] Embed Pods Frameworks */,
			);
			buildRules = (
			);
			dependencies = (
			);
			name = OneManBand;
			productName = OneManBand;
			productReference = 2F94244924A0F7F900FFD000 /* OneManBand.app */;
			productType = "com.apple.product-type.application";
		};
/* End PBXNativeTarget section */

/* Begin PBXProject section */
		2F94244124A0F7F900FFD000 /* Project object */ = {
			isa = PBXProject;
			attributes = {
				LastSwiftUpdateCheck = 1150;
				LastUpgradeCheck = 1150;
				ORGANIZATIONNAME = "Alex's Amazing Apps";
				TargetAttributes = {
					2F94244824A0F7F900FFD000 = {
						CreatedOnToolsVersion = 11.5;
					};
				};
			};
			buildConfigurationList = 2F94244424A0F7F900FFD000 /* Build configuration list for PBXProject "OneManBand" */;
			compatibilityVersion = "Xcode 9.3";
			developmentRegion = en;
			hasScannedForEncodings = 0;
			knownRegions = (
				en,
				Base,
			);
			mainGroup = 2F94244024A0F7F900FFD000;
			productRefGroup = 2F94244A24A0F7F900FFD000 /* Products */;
			projectDirPath = "";
			projectRoot = "";
			targets = (
				2F94244824A0F7F900FFD000 /* OneManBand */,
			);
		};
/* End PBXProject section */

/* Begin PBXResourcesBuildPhase section */
		2F94244724A0F7F900FFD000 /* Resources */ = {
			isa = PBXResourcesBuildPhase;
			buildActionMask = 2147483647;
			files = (
				2FD9366224A1077300BBA347 /* DateCollectionViewCell.xib in Resources */,
				2F29F2D124A5FC45007DE5A3 /* fa-solid-900.ttf in Resources */,
				2F94245924A0F7FD00FFD000 /* LaunchScreen.storyboard in Resources */,
				2F94245624A0F7FD00FFD000 /* Assets.xcassets in Resources */,
				2F94245424A0F7F900FFD000 /* Main.storyboard in Resources */,
			);
			runOnlyForDeploymentPostprocessing = 0;
		};
/* End PBXResourcesBuildPhase section */

/* Begin PBXShellScriptBuildPhase section */
		BEA45B8320EA0401A183ED8E /* [CP] Embed Pods Frameworks */ = {
			isa = PBXShellScriptBuildPhase;
			buildActionMask = 2147483647;
			files = (
			);
			inputFileListPaths = (
				"${PODS_ROOT}/Target Support Files/Pods-OneManBand/Pods-OneManBand-frameworks-${CONFIGURATION}-input-files.xcfilelist",
			);
			name = "[CP] Embed Pods Frameworks";
			outputFileListPaths = (
				"${PODS_ROOT}/Target Support Files/Pods-OneManBand/Pods-OneManBand-frameworks-${CONFIGURATION}-output-files.xcfilelist",
			);
			runOnlyForDeploymentPostprocessing = 0;
			shellPath = /bin/sh;
			shellScript = "\"${PODS_ROOT}/Target Support Files/Pods-OneManBand/Pods-OneManBand-frameworks.sh\"\n";
			showEnvVarsInLog = 0;
		};
		E3A4127336AED7762C133EA7 /* [CP] Check Pods Manifest.lock */ = {
			isa = PBXShellScriptBuildPhase;
			buildActionMask = 2147483647;
			files = (
			);
			inputFileListPaths = (
			);
			inputPaths = (
				"${PODS_PODFILE_DIR_PATH}/Podfile.lock",
				"${PODS_ROOT}/Manifest.lock",
			);
			name = "[CP] Check Pods Manifest.lock";
			outputFileListPaths = (
			);
			outputPaths = (
				"$(DERIVED_FILE_DIR)/Pods-OneManBand-checkManifestLockResult.txt",
			);
			runOnlyForDeploymentPostprocessing = 0;
			shellPath = /bin/sh;
			shellScript = "diff \"${PODS_PODFILE_DIR_PATH}/Podfile.lock\" \"${PODS_ROOT}/Manifest.lock\" > /dev/null\nif [ $? != 0 ] ; then\n    # print error to STDERR\n    echo \"error: The sandbox is not in sync with the Podfile.lock. Run 'pod install' or update your CocoaPods installation.\" >&2\n    exit 1\nfi\n# This output is used by Xcode 'outputs' to avoid re-running this script phase.\necho \"SUCCESS\" > \"${SCRIPT_OUTPUT_FILE_0}\"\n";
			showEnvVarsInLog = 0;
		};
/* End PBXShellScriptBuildPhase section */

/* Begin PBXSourcesBuildPhase section */
		2F94244524A0F7F900FFD000 /* Sources */ = {
			isa = PBXSourcesBuildPhase;
			buildActionMask = 2147483647;
			files = (
				2FD9366C24A250AE00BBA347 /* Contact.swift in Sources */,
				2F9466D024AF445400E9EF99 /* CustomButton.swift in Sources */,
				2F94246424A1005B00FFD000 /* CalendarViewController.swift in Sources */,
				2FD9366A24A24FE700BBA347 /* Venue.swift in Sources */,
				2FD9366424A24CFC00BBA347 /* Booking.swift in Sources */,
				2FD9366E24A377DB00BBA347 /* CustomColours.swift in Sources */,
				2F5EACF124A3898800C32599 /* K.swift in Sources */,
				2F94246624A1011200FFD000 /* DateExtensions.swift in Sources */,
				2F94246824A1015A00FFD000 /* CustomCalendar.swift in Sources */,
				2FD9366624A24D0900BBA347 /* Gig.swift in Sources */,
				2F5EACF524A39CC900C32599 /* LoadingOverlay.swift in Sources */,
				2F94245124A0F7F900FFD000 /* LoginViewController.swift in Sources */,
				2FD9366124A1077300BBA347 /* DateCollectionViewCell.swift in Sources */,
				2F94244D24A0F7F900FFD000 /* AppDelegate.swift in Sources */,
				2F94244F24A0F7F900FFD000 /* SceneDelegate.swift in Sources */,
				2F9678B324AE114E00BC1100 /* FullBooking.swift in Sources */,
				2FD9366824A24DBF00BBA347 /* Address.swift in Sources */,
				2F94246B24A1021F00FFD000 /* Networking.swift in Sources */,
				2F9678AF24ACC47E00BC1100 /* EventDetailsViewController.swift in Sources */,
			);
			runOnlyForDeploymentPostprocessing = 0;
		};
/* End PBXSourcesBuildPhase section */

/* Begin PBXVariantGroup section */
		2F94245224A0F7F900FFD000 /* Main.storyboard */ = {
			isa = PBXVariantGroup;
			children = (
				2F94245324A0F7F900FFD000 /* Base */,
			);
			name = Main.storyboard;
			sourceTree = "<group>";
		};
		2F94245724A0F7FD00FFD000 /* LaunchScreen.storyboard */ = {
			isa = PBXVariantGroup;
			children = (
				2F94245824A0F7FD00FFD000 /* Base */,
			);
			name = LaunchScreen.storyboard;
			sourceTree = "<group>";
		};
/* End PBXVariantGroup section */

/* Begin XCBuildConfiguration section */
		2F94245B24A0F7FD00FFD000 /* Debug */ = {
			isa = XCBuildConfiguration;
			buildSettings = {
				ALWAYS_SEARCH_USER_PATHS = NO;
				CLANG_ANALYZER_NONNULL = YES;
				CLANG_ANALYZER_NUMBER_OBJECT_CONVERSION = YES_AGGRESSIVE;
				CLANG_CXX_LANGUAGE_STANDARD = "gnu++14";
				CLANG_CXX_LIBRARY = "libc++";
				CLANG_ENABLE_MODULES = YES;
				CLANG_ENABLE_OBJC_ARC = YES;
				CLANG_ENABLE_OBJC_WEAK = YES;
				CLANG_WARN_BLOCK_CAPTURE_AUTORELEASING = YES;
				CLANG_WARN_BOOL_CONVERSION = YES;
				CLANG_WARN_COMMA = YES;
				CLANG_WARN_CONSTANT_CONVERSION = YES;
				CLANG_WARN_DEPRECATED_OBJC_IMPLEMENTATIONS = YES;
				CLANG_WARN_DIRECT_OBJC_ISA_USAGE = YES_ERROR;
				CLANG_WARN_DOCUMENTATION_COMMENTS = YES;
				CLANG_WARN_EMPTY_BODY = YES;
				CLANG_WARN_ENUM_CONVERSION = YES;
				CLANG_WARN_INFINITE_RECURSION = YES;
				CLANG_WARN_INT_CONVERSION = YES;
				CLANG_WARN_NON_LITERAL_NULL_CONVERSION = YES;
				CLANG_WARN_OBJC_IMPLICIT_RETAIN_SELF = YES;
				CLANG_WARN_OBJC_LITERAL_CONVERSION = YES;
				CLANG_WARN_OBJC_ROOT_CLASS = YES_ERROR;
				CLANG_WARN_RANGE_LOOP_ANALYSIS = YES;
				CLANG_WARN_STRICT_PROTOTYPES = YES;
				CLANG_WARN_SUSPICIOUS_MOVE = YES;
				CLANG_WARN_UNGUARDED_AVAILABILITY = YES_AGGRESSIVE;
				CLANG_WARN_UNREACHABLE_CODE = YES;
				CLANG_WARN__DUPLICATE_METHOD_MATCH = YES;
				COPY_PHASE_STRIP = NO;
				DEBUG_INFORMATION_FORMAT = dwarf;
				ENABLE_STRICT_OBJC_MSGSEND = YES;
				ENABLE_TESTABILITY = YES;
				GCC_C_LANGUAGE_STANDARD = gnu11;
				GCC_DYNAMIC_NO_PIC = NO;
				GCC_NO_COMMON_BLOCKS = YES;
				GCC_OPTIMIZATION_LEVEL = 0;
				GCC_PREPROCESSOR_DEFINITIONS = (
					"DEBUG=1",
					"$(inherited)",
				);
				GCC_WARN_64_TO_32_BIT_CONVERSION = YES;
				GCC_WARN_ABOUT_RETURN_TYPE = YES_ERROR;
				GCC_WARN_UNDECLARED_SELECTOR = YES;
				GCC_WARN_UNINITIALIZED_AUTOS = YES_AGGRESSIVE;
				GCC_WARN_UNUSED_FUNCTION = YES;
				GCC_WARN_UNUSED_VARIABLE = YES;
				IPHONEOS_DEPLOYMENT_TARGET = 13.5;
				MTL_ENABLE_DEBUG_INFO = INCLUDE_SOURCE;
				MTL_FAST_MATH = YES;
				ONLY_ACTIVE_ARCH = YES;
				SDKROOT = iphoneos;
				SWIFT_ACTIVE_COMPILATION_CONDITIONS = DEBUG;
				SWIFT_OPTIMIZATION_LEVEL = "-Onone";
			};
			name = Debug;
		};
		2F94245C24A0F7FD00FFD000 /* Release */ = {
			isa = XCBuildConfiguration;
			buildSettings = {
				ALWAYS_SEARCH_USER_PATHS = NO;
				CLANG_ANALYZER_NONNULL = YES;
				CLANG_ANALYZER_NUMBER_OBJECT_CONVERSION = YES_AGGRESSIVE;
				CLANG_CXX_LANGUAGE_STANDARD = "gnu++14";
				CLANG_CXX_LIBRARY = "libc++";
				CLANG_ENABLE_MODULES = YES;
				CLANG_ENABLE_OBJC_ARC = YES;
				CLANG_ENABLE_OBJC_WEAK = YES;
				CLANG_WARN_BLOCK_CAPTURE_AUTORELEASING = YES;
				CLANG_WARN_BOOL_CONVERSION = YES;
				CLANG_WARN_COMMA = YES;
				CLANG_WARN_CONSTANT_CONVERSION = YES;
				CLANG_WARN_DEPRECATED_OBJC_IMPLEMENTATIONS = YES;
				CLANG_WARN_DIRECT_OBJC_ISA_USAGE = YES_ERROR;
				CLANG_WARN_DOCUMENTATION_COMMENTS = YES;
				CLANG_WARN_EMPTY_BODY = YES;
				CLANG_WARN_ENUM_CONVERSION = YES;
				CLANG_WARN_INFINITE_RECURSION = YES;
				CLANG_WARN_INT_CONVERSION = YES;
				CLANG_WARN_NON_LITERAL_NULL_CONVERSION = YES;
				CLANG_WARN_OBJC_IMPLICIT_RETAIN_SELF = YES;
				CLANG_WARN_OBJC_LITERAL_CONVERSION = YES;
				CLANG_WARN_OBJC_ROOT_CLASS = YES_ERROR;
				CLANG_WARN_RANGE_LOOP_ANALYSIS = YES;
				CLANG_WARN_STRICT_PROTOTYPES = YES;
				CLANG_WARN_SUSPICIOUS_MOVE = YES;
				CLANG_WARN_UNGUARDED_AVAILABILITY = YES_AGGRESSIVE;
				CLANG_WARN_UNREACHABLE_CODE = YES;
				CLANG_WARN__DUPLICATE_METHOD_MATCH = YES;
				COPY_PHASE_STRIP = NO;
				DEBUG_INFORMATION_FORMAT = "dwarf-with-dsym";
				ENABLE_NS_ASSERTIONS = NO;
				ENABLE_STRICT_OBJC_MSGSEND = YES;
				GCC_C_LANGUAGE_STANDARD = gnu11;
				GCC_NO_COMMON_BLOCKS = YES;
				GCC_WARN_64_TO_32_BIT_CONVERSION = YES;
				GCC_WARN_ABOUT_RETURN_TYPE = YES_ERROR;
				GCC_WARN_UNDECLARED_SELECTOR = YES;
				GCC_WARN_UNINITIALIZED_AUTOS = YES_AGGRESSIVE;
				GCC_WARN_UNUSED_FUNCTION = YES;
				GCC_WARN_UNUSED_VARIABLE = YES;
				IPHONEOS_DEPLOYMENT_TARGET = 13.5;
				MTL_ENABLE_DEBUG_INFO = NO;
				MTL_FAST_MATH = YES;
				SDKROOT = iphoneos;
				SWIFT_COMPILATION_MODE = wholemodule;
				SWIFT_OPTIMIZATION_LEVEL = "-O";
				VALIDATE_PRODUCT = YES;
			};
			name = Release;
		};
		2F94245E24A0F7FD00FFD000 /* Debug */ = {
			isa = XCBuildConfiguration;
			baseConfigurationReference = EE7B3C231B205BD423603D72 /* Pods-OneManBand.debug.xcconfig */;
			buildSettings = {
				ASSETCATALOG_COMPILER_APPICON_NAME = AppIcon;
				CODE_SIGN_STYLE = Automatic;
				DEVELOPMENT_TEAM = 8F6M783A3J;
				INFOPLIST_FILE = OneManBand/Info.plist;
				LD_RUNPATH_SEARCH_PATHS = (
					"$(inherited)",
					"@executable_path/Frameworks",
				);
				PRODUCT_BUNDLE_IDENTIFIER = com.alexsamazingapps.OneManBand;
				PRODUCT_NAME = "$(TARGET_NAME)";
				SWIFT_VERSION = 5.0;
				TARGETED_DEVICE_FAMILY = 1;
			};
			name = Debug;
		};
		2F94245F24A0F7FD00FFD000 /* Release */ = {
			isa = XCBuildConfiguration;
			baseConfigurationReference = D6BF125DAA49BDC4E447192A /* Pods-OneManBand.release.xcconfig */;
			buildSettings = {
				ASSETCATALOG_COMPILER_APPICON_NAME = AppIcon;
				CODE_SIGN_STYLE = Automatic;
				DEVELOPMENT_TEAM = 8F6M783A3J;
				INFOPLIST_FILE = OneManBand/Info.plist;
				LD_RUNPATH_SEARCH_PATHS = (
					"$(inherited)",
					"@executable_path/Frameworks",
				);
				PRODUCT_BUNDLE_IDENTIFIER = com.alexsamazingapps.OneManBand;
				PRODUCT_NAME = "$(TARGET_NAME)";
				SWIFT_VERSION = 5.0;
				TARGETED_DEVICE_FAMILY = 1;
			};
			name = Release;
		};
/* End XCBuildConfiguration section */

/* Begin XCConfigurationList section */
		2F94244424A0F7F900FFD000 /* Build configuration list for PBXProject "OneManBand" */ = {
			isa = XCConfigurationList;
			buildConfigurations = (
				2F94245B24A0F7FD00FFD000 /* Debug */,
				2F94245C24A0F7FD00FFD000 /* Release */,
			);
			defaultConfigurationIsVisible = 0;
			defaultConfigurationName = Release;
		};
		2F94245D24A0F7FD00FFD000 /* Build configuration list for PBXNativeTarget "OneManBand" */ = {
			isa = XCConfigurationList;
			buildConfigurations = (
				2F94245E24A0F7FD00FFD000 /* Debug */,
				2F94245F24A0F7FD00FFD000 /* Release */,
			);
			defaultConfigurationIsVisible = 0;
			defaultConfigurationName = Release;
		};
/* End XCConfigurationList section */
	};
	rootObject = 2F94244124A0F7F900FFD000 /* Project object */;
}
